
Microsoft Visual Studio Solution File, Format Version 12.00
# Visual Studio Version 16
VisualStudioVersion = 16.0.31702.278
MinimumVisualStudioVersion = 10.0.40219.1
Project("{9A19103F-16F7-4668-BE54-9A1E7A4F7556}") = "BAIS3110Authentication", "BAIS3110Authentication.csproj", "{5B8CCBD1-E354-4ACB-94B2-320862CF924B}"
EndProject
Global
	GlobalSection(SolutionConfigurationPlatforms) = preSolution
		Debug|Any CPU = Debug|Any CPU
		Release|Any CPU = Release|Any CPU
	EndGlobalSection
	GlobalSection(ProjectConfigurationPlatforms) = postSolution
		{5B8CCBD1-E354-4ACB-94B2-320862CF924B}.Debug|Any CPU.ActiveCfg = Debug|Any CPU
		{5B8CCBD1-E354-4ACB-94B2-320862CF924B}.Debug|Any CPU.Build.0 = Debug|Any CPU
		{5B8CCBD1-E354-4ACB-94B2-320862CF924B}.Release|Any CPU.ActiveCfg = Release|Any CPU
		{5B8CCBD1-E354-4ACB-94B2-320862CF924B}.Release|Any CPU.Build.0 = Release|Any CPU
	EndGlobalSection
	GlobalSection(SolutionProperties) = preSolution
		HideSolutionNode = FALSE
	EndGlobalSection
	GlobalSection(ExtensibilityGlobals) = postSolution
		SolutionGuid = {A1AF10A4-639D-4582-87D5-137DC3B3B6D8}
	EndGlobalSection
EndGlobal
