
Microsoft Visual Studio Solution File, Format Version 12.00
# Visual Studio Version 16
VisualStudioVersion = 16.0.31702.278
MinimumVisualStudioVersion = 10.0.40219.1
Project("{FAE04EC0-301F-11D3-BF4B-00C04F79EFBC}") = "BAIS3110Encryption_emiranda4", "BAIS3110Encryption_emiranda4.csproj", "{2419BDCB-E16C-4D59-962B-7681C127F2F4}"
EndProject
Global
	GlobalSection(SolutionConfigurationPlatforms) = preSolution
		Debug|Any CPU = Debug|Any CPU
		Release|Any CPU = Release|Any CPU
	EndGlobalSection
	GlobalSection(ProjectConfigurationPlatforms) = postSolution
		{2419BDCB-E16C-4D59-962B-7681C127F2F4}.Debug|Any CPU.ActiveCfg = Debug|Any CPU
		{2419BDCB-E16C-4D59-962B-7681C127F2F4}.Debug|Any CPU.Build.0 = Debug|Any CPU
		{2419BDCB-E16C-4D59-962B-7681C127F2F4}.Release|Any CPU.ActiveCfg = Release|Any CPU
		{2419BDCB-E16C-4D59-962B-7681C127F2F4}.Release|Any CPU.Build.0 = Release|Any CPU
	EndGlobalSection
	GlobalSection(SolutionProperties) = preSolution
		HideSolutionNode = FALSE
	EndGlobalSection
	GlobalSection(ExtensibilityGlobals) = postSolution
		SolutionGuid = {FA43AC2D-27BE-44CA-A1FD-8EB862C9E445}
	EndGlobalSection
EndGlobal
